
Microsoft Visual Studio Solution File, Format Version 10.00
# Visual Studio 2008
Project("{FAE04EC0-301F-11D3-BF4B-00C04F79EFBC}") = "SongInstrumentLoadSaveSample", "SongInstrumentLoadSaveSample\SongInstrumentLoadSaveSample.csproj", "{26FD98DC-D9E5-4835-9410-94CCCA7BB8ED}"
EndProject
Project("{FAE04EC0-301F-11D3-BF4B-00C04F79EFBC}") = "SongIteratorSample", "SongIteratorSample\SongIteratorSample.csproj", "{63F59DFF-F461-4E6D-AEF6-4D63DC81E042}"
EndProject
Global
	GlobalSection(SolutionConfigurationPlatforms) = preSolution
		Debug|Any CPU = Debug|Any CPU
		Release|Any CPU = Release|Any CPU
	EndGlobalSection
	GlobalSection(ProjectConfigurationPlatforms) = postSolution
		{26FD98DC-D9E5-4835-9410-94CCCA7BB8ED}.Debug|Any CPU.ActiveCfg = Debug|Any CPU
		{26FD98DC-D9E5-4835-9410-94CCCA7BB8ED}.Debug|Any CPU.Build.0 = Debug|Any CPU
		{26FD98DC-D9E5-4835-9410-94CCCA7BB8ED}.Release|Any CPU.ActiveCfg = Release|Any CPU
		{26FD98DC-D9E5-4835-9410-94CCCA7BB8ED}.Release|Any CPU.Build.0 = Release|Any CPU
		{63F59DFF-F461-4E6D-AEF6-4D63DC81E042}.Debug|Any CPU.ActiveCfg = Debug|Any CPU
		{63F59DFF-F461-4E6D-AEF6-4D63DC81E042}.Debug|Any CPU.Build.0 = Debug|Any CPU
		{63F59DFF-F461-4E6D-AEF6-4D63DC81E042}.Release|Any CPU.ActiveCfg = Release|Any CPU
		{63F59DFF-F461-4E6D-AEF6-4D63DC81E042}.Release|Any CPU.Build.0 = Release|Any CPU
	EndGlobalSection
	GlobalSection(SolutionProperties) = preSolution
		HideSolutionNode = FALSE
	EndGlobalSection
EndGlobal
